# THIS IS AN AUTOGENERATED FILE. DO NOT EDIT THIS FILE DIRECTLY.
# yarn lockfile v1


browser-fingerprint@0.0.1:
  version "0.0.1"
  resolved "https://registry.yarnpkg.com/browser-fingerprint/-/browser-fingerprint-0.0.1.tgz#8df3cdca25bf7d5b3542d61545d730053fce604a"
  integrity sha1-jfPNyiW/fVs1QtYVRdcwBT/OYEo=

browser-split@0.0.1:
  version "0.0.1"
  resolved "https://registry.yarnpkg.com/browser-split/-/browser-split-0.0.1.tgz#7b097574f8e3ead606fb4664e64adfdda2981a93"
  integrity sha1-ewl1dPjj6tYG+0Zk5krf3aKYGpM=

camelize@^1.0.0:
  version "1.0.0"
  resolved "https://registry.yarnpkg.com/camelize/-/camelize-1.0.0.tgz#164a5483e630fa4321e5af07020e531831b2609b"
  integrity sha1-FkpUg+Yw+kMh5a8HAg5TGDGyYJs=

core-js@^1.1.1:
  version "1.2.7"
  resolved "https://registry.yarnpkg.com/core-js/-/core-js-1.2.7.tgz#652294c14651db28fa93bd2d5ff2983a4f08c636"
  integrity sha1-ZSKUwUZR2yj6k70tX/KYOk8IxjY=

cuid@^1.2.4:
  version "1.3.8"
  resolved "https://registry.yarnpkg.com/cuid/-/cuid-1.3.8.tgz#4b875e0969bad764f7ec0706cf44f5fb0831f6b7"
  integrity sha1-S4deCWm612T37AcGz0T1+wgx9rc=
  dependencies:
    browser-fingerprint "0.0.1"
    core-js "^1.1.1"
    node-fingerprint "0.0.2"

deep-diff@0.3.4:
  version "0.3.4"
  resolved "https://registry.yarnpkg.com/deep-diff/-/deep-diff-0.3.4.tgz#aac5c39952236abe5f037a2349060ba01b00ae48"
  integrity sha1-qsXDmVIjar5fA3ojSQYLoBsArkg=

dom-delegator@^13.1.0:
  version "13.1.0"
  resolved "https://registry.yarnpkg.com/dom-delegator/-/dom-delegator-13.1.0.tgz#f82cc535866a1878d9b4696d3befaeb4b5dad4b3"
  integrity sha1-+CzFNYZqGHjZtGltO++utLXa1LM=
  dependencies:
    cuid "^1.2.4"
    ev-store "^7.0.0"
    global "^4.2.1"
    individual "^2.0.0"
    inherits "^2.0.1"
    weakmap-shim "^1.0.0"
    xtend "^2.2.0"

dom-walk@^0.1.0:
  version "0.1.2"
  resolved "https://registry.yarnpkg.com/dom-walk/-/dom-walk-0.1.2.tgz#0c548bef048f4d1f2a97249002236060daa3fd84"
  integrity sha512-6QvTW9mrGeIegrFXdtQi9pk7O/nSK6lSdXW2eqUspN5LWD7UTji2Fqw5V2YLjBpHEoU9Xl/eUWNpDeZvoyOv2w==

error@^4.3.0:
  version "4.4.0"
  resolved "https://registry.yarnpkg.com/error/-/error-4.4.0.tgz#bf69ff251fb4a279c19adccdaa6b61e90d9bf12a"
  integrity sha1-v2n/JR+0onnBmtzNqmth6Q2b8So=
  dependencies:
    camelize "^1.0.0"
    string-template "~0.2.0"
    xtend "~4.0.0"

ev-store@^7.0.0:
  version "7.0.0"
  resolved "https://registry.yarnpkg.com/ev-store/-/ev-store-7.0.0.tgz#1ab0c7f82136505dd74b31d17701cb2be6d26558"
  integrity sha1-GrDH+CE2UF3XSzHRdwHLK+bSZVg=
  dependencies:
    individual "^3.0.0"

global@^4.2.1, global@^4.3.0:
  version "4.4.0"
  resolved "https://registry.yarnpkg.com/global/-/global-4.4.0.tgz#3e7b105179006a323ed71aafca3e9c57a5cc6406"
  integrity sha512-wv/LAoHdRE3BeTGz53FAamhGlPLhlssK45usmGFThIi4XqnBmjKQ16u+RNbP7WvigRZDxUsM0J3gcQ5yicaL0w==
  dependencies:
    min-document "^2.19.0"
    process "^0.11.10"

immutable@^3.7.5:
  version "3.8.2"
  resolved "https://registry.yarnpkg.com/immutable/-/immutable-3.8.2.tgz#c2439951455bb39913daf281376f1530e104adf3"
  integrity sha1-wkOZUUVbs5kT2vKBN28VMOEErfM=

individual@^2.0.0:
  version "2.0.0"
  resolved "https://registry.yarnpkg.com/individual/-/individual-2.0.0.tgz#833b097dad23294e76117a98fb38e0d9ad61bb97"
  integrity sha1-gzsJfa0jKU52EXqY+zjg2a1hu5c=

individual@^3.0.0:
  version "3.0.0"
  resolved "https://registry.yarnpkg.com/individual/-/individual-3.0.0.tgz#e7ca4f85f8957b018734f285750dc22ec2f9862d"
  integrity sha1-58pPhfiVewGHNPKFdQ3CLsL5hi0=

inherits@^2.0.1:
  version "2.0.4"
  resolved "https://registry.yarnpkg.com/inherits/-/inherits-2.0.4.tgz#0fa2c64f932917c3433a0ded55363aae37416b7c"
  integrity sha512-k/vGaX4/Yla3WzyMCvTQOXYeIHvqOKtnqBduzTHpzpQZzAskKMhZ2K+EnBiSM9zGSoIFeMpXKxa4dYeZIQqewQ==

is-object@^1.0.1:
  version "1.0.2"
  resolved "https://registry.yarnpkg.com/is-object/-/is-object-1.0.2.tgz#a56552e1c665c9e950b4a025461da87e72f86fcf"
  integrity sha512-2rRIahhZr2UWb45fIOuvZGpFtz0TyOZLf32KxBbSoUCeZR495zCKlWUKKUByk3geS2eAs7ZAABt0Y/Rx0GiQGA==

"js-tokens@^3.0.0 || ^4.0.0":
  version "4.0.0"
  resolved "https://registry.yarnpkg.com/js-tokens/-/js-tokens-4.0.0.tgz#19203fb59991df98e3a287050d4647cdeaf32499"
  integrity sha512-RdJUflcE3cUzKiMqQgsCu06FPu9UdIJO0beYbPhHN4k6apgJtifcoCtT9bcxOpYBtpD2kCM6Sbzg4CausW/PKQ==

lodash-es@^4.2.1:
  version "4.17.21"
  resolved "https://registry.yarnpkg.com/lodash-es/-/lodash-es-4.17.21.tgz#43e626c46e6591b7750beb2b50117390c609e3ee"
  integrity sha512-mKnC+QJ9pWVzv+C4/U3rRsHapFfHvQFoFB92e52xeyGMcX6/OlIl78je1u8vePzYZSkkogMPJ2yjxxsb89cxyw==

lodash@^4.2.1:
  version "4.17.21"
  resolved "https://registry.yarnpkg.com/lodash/-/lodash-4.17.21.tgz#679591c564c3bffaae8454cf0b3df370c3d6911c"
  integrity sha512-v2kDEe57lecTulaDIuNTPy3Ry4gLGJ6Z1O3vE1krgXZNrsQ+LFTGHVxVjcXPs17LhbZVGedAJv8XZ1tvj5FvSg==

loose-envify@^1.1.0:
  version "1.4.0"
  resolved "https://registry.yarnpkg.com/loose-envify/-/loose-envify-1.4.0.tgz#71ee51fa7be4caec1a63839f7e682d8132d30caf"
  integrity sha512-lyuxPGr/Wfhrlem2CL/UcnUc1zcqKAImBDzukY7Y5F/yQiNdko6+fRLevlw1HgMySw7f611UIY408EtxRSoK3Q==
  dependencies:
    js-tokens "^3.0.0 || ^4.0.0"

min-document@^2.19.0:
  version "2.19.0"
  resolved "https://registry.yarnpkg.com/min-document/-/min-document-2.19.0.tgz#7bd282e3f5842ed295bb748cdd9f1ffa2c824685"
  integrity sha1-e9KC4/WELtKVu3SM3Z8f+iyCRoU=
  dependencies:
    dom-walk "^0.1.0"

next-tick@^0.2.2:
  version "0.2.2"
  resolved "https://registry.yarnpkg.com/next-tick/-/next-tick-0.2.2.tgz#75da4a927ee5887e39065880065b7336413b310d"
  integrity sha1-ddpKkn7liH45BliABltzNkE7MQ0=

node-fingerprint@0.0.2:
  version "0.0.2"
  resolved "https://registry.yarnpkg.com/node-fingerprint/-/node-fingerprint-0.0.2.tgz#31cbabeb71a67ae7dd5a7dc042e51c3c75868501"
  integrity sha1-Mcur63GmeufdWn3AQuUcPHWGhQE=

nux@^2.1.1:
  version "2.1.1"
  resolved "https://registry.yarnpkg.com/nux/-/nux-2.1.1.tgz#c0d743d7d37c514f4bfadfff1b4b136418bef26a"
  integrity sha1-wNdD19N8UU9L+t//G0sTZBi+8mo=
  dependencies:
    dom-delegator "^13.1.0"
    immutable "^3.7.5"
    redux "^3.0.4"
    redux-logger "^2.3.1"
    redux-thunk "^1.0.3"
    rlite-router "^1.1.1"
    virtual-dom "^2.1.1"

process@^0.11.10:
  version "0.11.10"
  resolved "https://registry.yarnpkg.com/process/-/process-0.11.10.tgz#7332300e840161bda3e69a1d1d91a7d4bc16f182"
  integrity sha1-czIwDoQBYb2j5podHZGn1LwW8YI=

redux-logger@^2.3.1:
  version "2.10.2"
  resolved "https://registry.yarnpkg.com/redux-logger/-/redux-logger-2.10.2.tgz#3c5a5f0a6f32577c1deadf6655f257f82c6c3937"
  integrity sha1-PFpfCm8yV3wd6t9mVfJX+CxsOTc=
  dependencies:
    deep-diff "0.3.4"

redux-thunk@^1.0.3:
  version "1.0.3"
  resolved "https://registry.yarnpkg.com/redux-thunk/-/redux-thunk-1.0.3.tgz#778aa0099eea0595031ab6b39165f6670d8d26bd"
  integrity sha1-d4qgCZ7qBZUDGrazkWX2Zw2NJr0=

redux@^3.0.4:
  version "3.7.2"
  resolved "https://registry.yarnpkg.com/redux/-/redux-3.7.2.tgz#06b73123215901d25d065be342eb026bc1c8537b"
  integrity sha512-pNqnf9q1hI5HHZRBkj3bAngGZW/JMCmexDlOxw4XagXY2o1327nHH54LoTjiPJ0gizoqPDRqWyX/00g0hD6w+A==
  dependencies:
    lodash "^4.2.1"
    lodash-es "^4.2.1"
    loose-envify "^1.1.0"
    symbol-observable "^1.0.3"

rlite-router@^1.1.1:
  version "1.1.3"
  resolved "https://registry.yarnpkg.com/rlite-router/-/rlite-router-1.1.3.tgz#51262aaf6c944388b31c85659da4a9419ba23378"
  integrity sha1-USYqr2yUQ4izHIVlnaSpQZuiM3g=

string-template@~0.2.0:
  version "0.2.1"
  resolved "https://registry.yarnpkg.com/string-template/-/string-template-0.2.1.tgz#42932e598a352d01fc22ec3367d9d84eec6c9add"
  integrity sha1-QpMuWYo1LQH8IuwzZ9nYTuxsmt0=

symbol-observable@^1.0.3:
  version "1.2.0"
  resolved "https://registry.yarnpkg.com/symbol-observable/-/symbol-observable-1.2.0.tgz#c22688aed4eab3cdc2dfeacbb561660560a00804"
  integrity sha512-e900nM8RRtGhlV36KGEU9k65K3mPb1WV70OdjfxlG2EAuM1noi/E/BaW/uMhL7bPEssK8QV57vN3esixjUvcXQ==

virtual-dom@^2.1.1:
  version "2.1.1"
  resolved "https://registry.yarnpkg.com/virtual-dom/-/virtual-dom-2.1.1.tgz#80eda2d481b9ede0c049118cefcb4a05f21d1375"
  integrity sha1-gO2i1IG57eDASRGM78tKBfIdE3U=
  dependencies:
    browser-split "0.0.1"
    error "^4.3.0"
    ev-store "^7.0.0"
    global "^4.3.0"
    is-object "^1.0.1"
    next-tick "^0.2.2"
    x-is-array "0.1.0"
    x-is-string "0.1.0"

weakmap-shim@^1.0.0:
  version "1.1.1"
  resolved "https://registry.yarnpkg.com/weakmap-shim/-/weakmap-shim-1.1.1.tgz#d65afd784109b2166e00ff571c33150ec2a40b49"
  integrity sha1-1lr9eEEJshZuAP9XHDMVDsKkC0k=

x-is-array@0.1.0:
  version "0.1.0"
  resolved "https://registry.yarnpkg.com/x-is-array/-/x-is-array-0.1.0.tgz#de520171d47b3f416f5587d629b89d26b12dc29d"
  integrity sha1-3lIBcdR7P0FvVYfWKbidJrEtwp0=

x-is-string@0.1.0:
  version "0.1.0"
  resolved "https://registry.yarnpkg.com/x-is-string/-/x-is-string-0.1.0.tgz#474b50865af3a49a9c4657f05acd145458f77d82"
  integrity sha1-R0tQhlrzpJqcRlfwWs0UVFj3fYI=

xtend@^2.2.0:
  version "2.2.0"
  resolved "https://registry.yarnpkg.com/xtend/-/xtend-2.2.0.tgz#eef6b1f198c1c8deafad8b1765a04dad4a01c5a9"
  integrity sha1-7vax8ZjByN6vrYsXZaBNrUoBxak=

xtend@~4.0.0:
  version "4.0.2"
  resolved "https://registry.yarnpkg.com/xtend/-/xtend-4.0.2.tgz#bb72779f5fa465186b1f438f674fa347fdb5db54"
  integrity sha512-LKYU1iAXJXUgAXn9URjiu+MWhyUXHsvfp7mcuYm9dSUKK0/CjtrUwFAxD82/mCWbtLsGjFIad0wIsod4zrTAEQ==
